
Microsoft Visual Studio Solution File, Format Version 12.00
# Visual Studio Version 16
VisualStudioVersion = 25.0.1700.6
MinimumVisualStudioVersion = 10.0.40219.1
Project("{FAE04EC0-301F-11D3-BF4B-00C04F79EFBC}") = "Calculator_API", "Calculator_API\Calculator_API.csproj", "{26166240-E6DB-4BFC-94B0-4F43F1C46762}"
EndProject
Project("{FAE04EC0-301F-11D3-BF4B-00C04F79EFBC}") = "Calculator_Logic", "Calculator_Logic\Calculator_Logic.csproj", "{F5A32392-05FC-46C3-9E43-306F7775F0A8}"
EndProject
Project("{FAE04EC0-301F-11D3-BF4B-00C04F79EFBC}") = "Calculator_Test", "Calculator_Test\Calculator_Test.csproj", "{26AE104F-FC66-491D-BCE3-6117311FD64E}"
EndProject
Global
	GlobalSection(SolutionConfigurationPlatforms) = preSolution
		Debug|Any CPU = Debug|Any CPU
		Release|Any CPU = Release|Any CPU
	EndGlobalSection
	GlobalSection(ProjectConfigurationPlatforms) = postSolution
		{26166240-E6DB-4BFC-94B0-4F43F1C46762}.Debug|Any CPU.ActiveCfg = Debug|Any CPU
		{26166240-E6DB-4BFC-94B0-4F43F1C46762}.Debug|Any CPU.Build.0 = Debug|Any CPU
		{26166240-E6DB-4BFC-94B0-4F43F1C46762}.Release|Any CPU.ActiveCfg = Release|Any CPU
		{26166240-E6DB-4BFC-94B0-4F43F1C46762}.Release|Any CPU.Build.0 = Release|Any CPU
		{F5A32392-05FC-46C3-9E43-306F7775F0A8}.Debug|Any CPU.ActiveCfg = Debug|Any CPU
		{F5A32392-05FC-46C3-9E43-306F7775F0A8}.Debug|Any CPU.Build.0 = Debug|Any CPU
		{F5A32392-05FC-46C3-9E43-306F7775F0A8}.Release|Any CPU.ActiveCfg = Release|Any CPU
		{F5A32392-05FC-46C3-9E43-306F7775F0A8}.Release|Any CPU.Build.0 = Release|Any CPU
		{26AE104F-FC66-491D-BCE3-6117311FD64E}.Debug|Any CPU.ActiveCfg = Debug|Any CPU
		{26AE104F-FC66-491D-BCE3-6117311FD64E}.Debug|Any CPU.Build.0 = Debug|Any CPU
		{26AE104F-FC66-491D-BCE3-6117311FD64E}.Release|Any CPU.ActiveCfg = Release|Any CPU
		{26AE104F-FC66-491D-BCE3-6117311FD64E}.Release|Any CPU.Build.0 = Release|Any CPU
	EndGlobalSection
	GlobalSection(SolutionProperties) = preSolution
		HideSolutionNode = FALSE
	EndGlobalSection
	GlobalSection(ExtensibilityGlobals) = postSolution
		SolutionGuid = {769D58EC-79BB-4F0F-81CD-B3747D2C77FC}
	EndGlobalSection
EndGlobal
